
Microsoft Visual Studio Solution File, Format Version 12.00
# Visual Studio Version 17
VisualStudioVersion = 17.6.33513.286
MinimumVisualStudioVersion = 10.0.40219.1
Project("{FAE04EC0-301F-11D3-BF4B-00C04F79EFBC}") = "AESnRSA", "AESnRSA.csproj", "{159FC8A8-F3F5-4C9A-97E8-6028965DFD14}"
EndProject
Global
	GlobalSection(SolutionConfigurationPlatforms) = preSolution
		Debug|Any CPU = Debug|Any CPU
		Release|Any CPU = Release|Any CPU
	EndGlobalSection
	GlobalSection(ProjectConfigurationPlatforms) = postSolution
		{159FC8A8-F3F5-4C9A-97E8-6028965DFD14}.Debug|Any CPU.ActiveCfg = Debug|Any CPU
		{159FC8A8-F3F5-4C9A-97E8-6028965DFD14}.Debug|Any CPU.Build.0 = Debug|Any CPU
		{159FC8A8-F3F5-4C9A-97E8-6028965DFD14}.Release|Any CPU.ActiveCfg = Release|Any CPU
		{159FC8A8-F3F5-4C9A-97E8-6028965DFD14}.Release|Any CPU.Build.0 = Release|Any CPU
	EndGlobalSection
	GlobalSection(SolutionProperties) = preSolution
		HideSolutionNode = FALSE
	EndGlobalSection
	GlobalSection(ExtensibilityGlobals) = postSolution
		SolutionGuid = {8213EBCC-FBEB-4452-9AC6-9F5AAF0D4F59}
	EndGlobalSection
EndGlobal
